
Microsoft Visual Studio Solution File, Format Version 12.00
# Visual Studio Version 16
VisualStudioVersion = 16.0.29230.47
MinimumVisualStudioVersion = 15.0.26124.0
Project("{FAE04EC0-301F-11D3-BF4B-00C04F79EFBC}") = "orderkeeper.domain", "orderkeeper.domain\orderkeeper.domain.csproj", "{4794BD00-CEC5-418D-A4F7-9298100AF48D}"
EndProject
Global
	GlobalSection(SolutionConfigurationPlatforms) = preSolution
		Debug|Any CPU = Debug|Any CPU
		Debug|x64 = Debug|x64
		Debug|x86 = Debug|x86
		Release|Any CPU = Release|Any CPU
		Release|x64 = Release|x64
		Release|x86 = Release|x86
	EndGlobalSection
	GlobalSection(ProjectConfigurationPlatforms) = postSolution
		{4794BD00-CEC5-418D-A4F7-9298100AF48D}.Debug|Any CPU.ActiveCfg = Debug|Any CPU
		{4794BD00-CEC5-418D-A4F7-9298100AF48D}.Debug|Any CPU.Build.0 = Debug|Any CPU
		{4794BD00-CEC5-418D-A4F7-9298100AF48D}.Debug|x64.ActiveCfg = Debug|Any CPU
		{4794BD00-CEC5-418D-A4F7-9298100AF48D}.Debug|x64.Build.0 = Debug|Any CPU
		{4794BD00-CEC5-418D-A4F7-9298100AF48D}.Debug|x86.ActiveCfg = Debug|Any CPU
		{4794BD00-CEC5-418D-A4F7-9298100AF48D}.Debug|x86.Build.0 = Debug|Any CPU
		{4794BD00-CEC5-418D-A4F7-9298100AF48D}.Release|Any CPU.ActiveCfg = Release|Any CPU
		{4794BD00-CEC5-418D-A4F7-9298100AF48D}.Release|Any CPU.Build.0 = Release|Any CPU
		{4794BD00-CEC5-418D-A4F7-9298100AF48D}.Release|x64.ActiveCfg = Release|Any CPU
		{4794BD00-CEC5-418D-A4F7-9298100AF48D}.Release|x64.Build.0 = Release|Any CPU
		{4794BD00-CEC5-418D-A4F7-9298100AF48D}.Release|x86.ActiveCfg = Release|Any CPU
		{4794BD00-CEC5-418D-A4F7-9298100AF48D}.Release|x86.Build.0 = Release|Any CPU
	EndGlobalSection
	GlobalSection(SolutionProperties) = preSolution
		HideSolutionNode = FALSE
	EndGlobalSection
	GlobalSection(ExtensibilityGlobals) = postSolution
		SolutionGuid = {E3A3C720-8F54-4FC5-AD2E-04BDD32FB892}
	EndGlobalSection
EndGlobal
