
Microsoft Visual Studio Solution File, Format Version 12.00
# Visual Studio Version 16
VisualStudioVersion = 16.0.29230.47
MinimumVisualStudioVersion = 15.0.26124.0
Project("{9A19103F-16F7-4668-BE54-9A1E7A4F7556}") = "Orderkeeper.Domain", "Orderkeeper.Domain\Orderkeeper.Domain.csproj", "{4794BD00-CEC5-418D-A4F7-9298100AF48D}"
EndProject
Project("{9A19103F-16F7-4668-BE54-9A1E7A4F7556}") = "Orderkeeper.Core", "Orderkeeper.Core\Orderkeeper.Core.csproj", "{6716817D-1EA0-4432-BC58-79F1D6FEF739}"
EndProject
Project("{9A19103F-16F7-4668-BE54-9A1E7A4F7556}") = "Orderkeeper.Api", "Orderkeeper.Api\Orderkeeper.Api.csproj", "{3AB6D3D0-1CF8-45D9-AB23-9FD847509B7A}"
EndProject
Project("{9A19103F-16F7-4668-BE54-9A1E7A4F7556}") = "OrderKeeper.Infrastructure", "OrderKeeper.Infrastructure\OrderKeeper.Infrastructure.csproj", "{ABBEE70B-B22B-4E96-95A0-8DD2D9FF3CDE}"
EndProject
Project("{FAE04EC0-301F-11D3-BF4B-00C04F79EFBC}") = "Orderkeeper.WebUI", "Orderkeeper.WebUI\Orderkeeper.WebUI.csproj", "{839327C8-F088-4257-8431-DCA54E093FEF}"
EndProject
Global
	GlobalSection(SolutionConfigurationPlatforms) = preSolution
		Debug|Any CPU = Debug|Any CPU
		Debug|x64 = Debug|x64
		Debug|x86 = Debug|x86
		Release|Any CPU = Release|Any CPU
		Release|x64 = Release|x64
		Release|x86 = Release|x86
	EndGlobalSection
	GlobalSection(ProjectConfigurationPlatforms) = postSolution
		{4794BD00-CEC5-418D-A4F7-9298100AF48D}.Debug|Any CPU.ActiveCfg = Debug|Any CPU
		{4794BD00-CEC5-418D-A4F7-9298100AF48D}.Debug|Any CPU.Build.0 = Debug|Any CPU
		{4794BD00-CEC5-418D-A4F7-9298100AF48D}.Debug|x64.ActiveCfg = Debug|Any CPU
		{4794BD00-CEC5-418D-A4F7-9298100AF48D}.Debug|x64.Build.0 = Debug|Any CPU
		{4794BD00-CEC5-418D-A4F7-9298100AF48D}.Debug|x86.ActiveCfg = Debug|Any CPU
		{4794BD00-CEC5-418D-A4F7-9298100AF48D}.Debug|x86.Build.0 = Debug|Any CPU
		{4794BD00-CEC5-418D-A4F7-9298100AF48D}.Release|Any CPU.ActiveCfg = Release|Any CPU
		{4794BD00-CEC5-418D-A4F7-9298100AF48D}.Release|Any CPU.Build.0 = Release|Any CPU
		{4794BD00-CEC5-418D-A4F7-9298100AF48D}.Release|x64.ActiveCfg = Release|Any CPU
		{4794BD00-CEC5-418D-A4F7-9298100AF48D}.Release|x64.Build.0 = Release|Any CPU
		{4794BD00-CEC5-418D-A4F7-9298100AF48D}.Release|x86.ActiveCfg = Release|Any CPU
		{4794BD00-CEC5-418D-A4F7-9298100AF48D}.Release|x86.Build.0 = Release|Any CPU
		{6716817D-1EA0-4432-BC58-79F1D6FEF739}.Debug|Any CPU.ActiveCfg = Debug|Any CPU
		{6716817D-1EA0-4432-BC58-79F1D6FEF739}.Debug|Any CPU.Build.0 = Debug|Any CPU
		{6716817D-1EA0-4432-BC58-79F1D6FEF739}.Debug|x64.ActiveCfg = Debug|Any CPU
		{6716817D-1EA0-4432-BC58-79F1D6FEF739}.Debug|x64.Build.0 = Debug|Any CPU
		{6716817D-1EA0-4432-BC58-79F1D6FEF739}.Debug|x86.ActiveCfg = Debug|Any CPU
		{6716817D-1EA0-4432-BC58-79F1D6FEF739}.Debug|x86.Build.0 = Debug|Any CPU
		{6716817D-1EA0-4432-BC58-79F1D6FEF739}.Release|Any CPU.ActiveCfg = Release|Any CPU
		{6716817D-1EA0-4432-BC58-79F1D6FEF739}.Release|Any CPU.Build.0 = Release|Any CPU
		{6716817D-1EA0-4432-BC58-79F1D6FEF739}.Release|x64.ActiveCfg = Release|Any CPU
		{6716817D-1EA0-4432-BC58-79F1D6FEF739}.Release|x64.Build.0 = Release|Any CPU
		{6716817D-1EA0-4432-BC58-79F1D6FEF739}.Release|x86.ActiveCfg = Release|Any CPU
		{6716817D-1EA0-4432-BC58-79F1D6FEF739}.Release|x86.Build.0 = Release|Any CPU
		{3AB6D3D0-1CF8-45D9-AB23-9FD847509B7A}.Debug|Any CPU.ActiveCfg = Debug|Any CPU
		{3AB6D3D0-1CF8-45D9-AB23-9FD847509B7A}.Debug|Any CPU.Build.0 = Debug|Any CPU
		{3AB6D3D0-1CF8-45D9-AB23-9FD847509B7A}.Debug|x64.ActiveCfg = Debug|Any CPU
		{3AB6D3D0-1CF8-45D9-AB23-9FD847509B7A}.Debug|x64.Build.0 = Debug|Any CPU
		{3AB6D3D0-1CF8-45D9-AB23-9FD847509B7A}.Debug|x86.ActiveCfg = Debug|Any CPU
		{3AB6D3D0-1CF8-45D9-AB23-9FD847509B7A}.Debug|x86.Build.0 = Debug|Any CPU
		{3AB6D3D0-1CF8-45D9-AB23-9FD847509B7A}.Release|Any CPU.ActiveCfg = Release|Any CPU
		{3AB6D3D0-1CF8-45D9-AB23-9FD847509B7A}.Release|Any CPU.Build.0 = Release|Any CPU
		{3AB6D3D0-1CF8-45D9-AB23-9FD847509B7A}.Release|x64.ActiveCfg = Release|Any CPU
		{3AB6D3D0-1CF8-45D9-AB23-9FD847509B7A}.Release|x64.Build.0 = Release|Any CPU
		{3AB6D3D0-1CF8-45D9-AB23-9FD847509B7A}.Release|x86.ActiveCfg = Release|Any CPU
		{3AB6D3D0-1CF8-45D9-AB23-9FD847509B7A}.Release|x86.Build.0 = Release|Any CPU
		{ABBEE70B-B22B-4E96-95A0-8DD2D9FF3CDE}.Debug|Any CPU.ActiveCfg = Debug|Any CPU
		{ABBEE70B-B22B-4E96-95A0-8DD2D9FF3CDE}.Debug|Any CPU.Build.0 = Debug|Any CPU
		{ABBEE70B-B22B-4E96-95A0-8DD2D9FF3CDE}.Debug|x64.ActiveCfg = Debug|Any CPU
		{ABBEE70B-B22B-4E96-95A0-8DD2D9FF3CDE}.Debug|x64.Build.0 = Debug|Any CPU
		{ABBEE70B-B22B-4E96-95A0-8DD2D9FF3CDE}.Debug|x86.ActiveCfg = Debug|Any CPU
		{ABBEE70B-B22B-4E96-95A0-8DD2D9FF3CDE}.Debug|x86.Build.0 = Debug|Any CPU
		{ABBEE70B-B22B-4E96-95A0-8DD2D9FF3CDE}.Release|Any CPU.ActiveCfg = Release|Any CPU
		{ABBEE70B-B22B-4E96-95A0-8DD2D9FF3CDE}.Release|Any CPU.Build.0 = Release|Any CPU
		{ABBEE70B-B22B-4E96-95A0-8DD2D9FF3CDE}.Release|x64.ActiveCfg = Release|Any CPU
		{ABBEE70B-B22B-4E96-95A0-8DD2D9FF3CDE}.Release|x64.Build.0 = Release|Any CPU
		{ABBEE70B-B22B-4E96-95A0-8DD2D9FF3CDE}.Release|x86.ActiveCfg = Release|Any CPU
		{ABBEE70B-B22B-4E96-95A0-8DD2D9FF3CDE}.Release|x86.Build.0 = Release|Any CPU
		{839327C8-F088-4257-8431-DCA54E093FEF}.Debug|Any CPU.ActiveCfg = Debug|Any CPU
		{839327C8-F088-4257-8431-DCA54E093FEF}.Debug|Any CPU.Build.0 = Debug|Any CPU
		{839327C8-F088-4257-8431-DCA54E093FEF}.Debug|x64.ActiveCfg = Debug|Any CPU
		{839327C8-F088-4257-8431-DCA54E093FEF}.Debug|x64.Build.0 = Debug|Any CPU
		{839327C8-F088-4257-8431-DCA54E093FEF}.Debug|x86.ActiveCfg = Debug|Any CPU
		{839327C8-F088-4257-8431-DCA54E093FEF}.Debug|x86.Build.0 = Debug|Any CPU
		{839327C8-F088-4257-8431-DCA54E093FEF}.Release|Any CPU.ActiveCfg = Release|Any CPU
		{839327C8-F088-4257-8431-DCA54E093FEF}.Release|Any CPU.Build.0 = Release|Any CPU
		{839327C8-F088-4257-8431-DCA54E093FEF}.Release|x64.ActiveCfg = Release|Any CPU
		{839327C8-F088-4257-8431-DCA54E093FEF}.Release|x64.Build.0 = Release|Any CPU
		{839327C8-F088-4257-8431-DCA54E093FEF}.Release|x86.ActiveCfg = Release|Any CPU
		{839327C8-F088-4257-8431-DCA54E093FEF}.Release|x86.Build.0 = Release|Any CPU
	EndGlobalSection
	GlobalSection(SolutionProperties) = preSolution
		HideSolutionNode = FALSE
	EndGlobalSection
	GlobalSection(ExtensibilityGlobals) = postSolution
		SolutionGuid = {E3A3C720-8F54-4FC5-AD2E-04BDD32FB892}
	EndGlobalSection
EndGlobal
